// !$*UTF8*$!
{
	archiveVersion = 1;
	classes = {
	};
	objectVersion = 55;
	objects = {

/* Begin PBXBuildFile section */
		5F87189628CC4A9300149810 /* AstronomyAppApp.swift in Sources */ = {isa = PBXBuildFile; fileRef = 5F87189528CC4A9300149810 /* AstronomyAppApp.swift */; };
		5F87189828CC4A9300149810 /* ContentView.swift in Sources */ = {isa = PBXBuildFile; fileRef = 5F87189728CC4A9300149810 /* ContentView.swift */; };
		5F87189A28CC4A9E00149810 /* Assets.xcassets in Resources */ = {isa = PBXBuildFile; fileRef = 5F87189928CC4A9E00149810 /* Assets.xcassets */; };
		5F87189D28CC4A9E00149810 /* Preview Assets.xcassets in Resources */ = {isa = PBXBuildFile; fileRef = 5F87189C28CC4A9E00149810 /* Preview Assets.xcassets */; };
		5F8718A728CC4A9F00149810 /* AstronomyAppTests.swift in Sources */ = {isa = PBXBuildFile; fileRef = 5F8718A628CC4A9F00149810 /* AstronomyAppTests.swift */; };
		5F8718B128CC4A9F00149810 /* AstronomyAppUITests.swift in Sources */ = {isa = PBXBuildFile; fileRef = 5F8718B028CC4A9F00149810 /* AstronomyAppUITests.swift */; };
		5F8718B328CC4A9F00149810 /* AstronomyAppUITestsLaunchTests.swift in Sources */ = {isa = PBXBuildFile; fileRef = 5F8718B228CC4A9F00149810 /* AstronomyAppUITestsLaunchTests.swift */; };
/* End PBXBuildFile section */

/* Begin PBXContainerItemProxy section */
		5F8718A328CC4A9F00149810 /* PBXContainerItemProxy */ = {
			isa = PBXContainerItemProxy;
			containerPortal = 5F87188A28CC4A9200149810 /* Project object */;
			proxyType = 1;
			remoteGlobalIDString = 5F87189128CC4A9300149810;
			remoteInfo = AstronomyApp;
		};
		5F8718AD28CC4A9F00149810 /* PBXContainerItemProxy */ = {
			isa = PBXContainerItemProxy;
			containerPortal = 5F87188A28CC4A9200149810 /* Project object */;
			proxyType = 1;
			remoteGlobalIDString = 5F87189128CC4A9300149810;
			remoteInfo = AstronomyApp;
		};
/* End PBXContainerItemProxy section */

/* Begin PBXFileReference section */
		5F87189228CC4A9300149810 /* AstronomyApp.app */ = {isa = PBXFileReference; explicitFileType = wrapper.application; includeInIndex = 0; path = AstronomyApp.app; sourceTree = BUILT_PRODUCTS_DIR; };
		5F87189528CC4A9300149810 /* AstronomyAppApp.swift */ = {isa = PBXFileReference; lastKnownFileType = sourcecode.swift; path = AstronomyAppApp.swift; sourceTree = "<group>"; };
		5F87189728CC4A9300149810 /* ContentView.swift */ = {isa = PBXFileReference; lastKnownFileType = sourcecode.swift; path = ContentView.swift; sourceTree = "<group>"; };
		5F87189928CC4A9E00149810 /* Assets.xcassets */ = {isa = PBXFileReference; lastKnownFileType = folder.assetcatalog; path = Assets.xcassets; sourceTree = "<group>"; };
		5F87189C28CC4A9E00149810 /* Preview Assets.xcassets */ = {isa = PBXFileReference; lastKnownFileType = folder.assetcatalog; path = "Preview Assets.xcassets"; sourceTree = "<group>"; };
		5F8718A228CC4A9F00149810 /* AstronomyAppTests.xctest */ = {isa = PBXFileReference; explicitFileType = wrapper.cfbundle; includeInIndex = 0; path = AstronomyAppTests.xctest; sourceTree = BUILT_PRODUCTS_DIR; };
		5F8718A628CC4A9F00149810 /* AstronomyAppTests.swift */ = {isa = PBXFileReference; lastKnownFileType = sourcecode.swift; path = AstronomyAppTests.swift; sourceTree = "<group>"; };
		5F8718AC28CC4A9F00149810 /* AstronomyAppUITests.xctest */ = {isa = PBXFileReference; explicitFileType = wrapper.cfbundle; includeInIndex = 0; path = AstronomyAppUITests.xctest; sourceTree = BUILT_PRODUCTS_DIR; };
		5F8718B028CC4A9F00149810 /* AstronomyAppUITests.swift */ = {isa = PBXFileReference; lastKnownFileType = sourcecode.swift; path = AstronomyAppUITests.swift; sourceTree = "<group>"; };
		5F8718B228CC4A9F00149810 /* AstronomyAppUITestsLaunchTests.swift */ = {isa = PBXFileReference; lastKnownFileType = sourcecode.swift; path = AstronomyAppUITestsLaunchTests.swift; sourceTree = "<group>"; };
/* End PBXFileReference section */

/* Begin PBXFrameworksBuildPhase section */
		5F87188F28CC4A9300149810 /* Frameworks */ = {
			isa = PBXFrameworksBuildPhase;
			buildActionMask = 2147483647;
			files = (
			);
			runOnlyForDeploymentPostprocessing = 0;
		};
		5F87189F28CC4A9F00149810 /* Frameworks */ = {
			isa = PBXFrameworksBuildPhase;
			buildActionMask = 2147483647;
			files = (
			);
			runOnlyForDeploymentPostprocessing = 0;
		};
		5F8718A928CC4A9F00149810 /* Frameworks */ = {
			isa = PBXFrameworksBuildPhase;
			buildActionMask = 2147483647;
			files = (
			);
			runOnlyForDeploymentPostprocessing = 0;
		};
/* End PBXFrameworksBuildPhase section */

/* Begin PBXGroup section */
		5F87188928CC4A9200149810 = {
			isa = PBXGroup;
			children = (
				5F87189428CC4A9300149810 /* AstronomyApp */,
				5F8718A528CC4A9F00149810 /* AstronomyAppTests */,
				5F8718AF28CC4A9F00149810 /* AstronomyAppUITests */,
				5F87189328CC4A9300149810 /* Products */,
			);
			sourceTree = "<group>";
		};
		5F87189328CC4A9300149810 /* Products */ = {
			isa = PBXGroup;
			children = (
				5F87189228CC4A9300149810 /* AstronomyApp.app */,
				5F8718A228CC4A9F00149810 /* AstronomyAppTests.xctest */,
				5F8718AC28CC4A9F00149810 /* AstronomyAppUITests.xctest */,
			);
			name = Products;
			sourceTree = "<group>";
		};
		5F87189428CC4A9300149810 /* AstronomyApp */ = {
			isa = PBXGroup;
			children = (
				5F87189528CC4A9300149810 /* AstronomyAppApp.swift */,
				5F87189728CC4A9300149810 /* ContentView.swift */,
				5F87189928CC4A9E00149810 /* Assets.xcassets */,
				5F87189B28CC4A9E00149810 /* Preview Content */,
			);
			path = AstronomyApp;
			sourceTree = "<group>";
		};
		5F87189B28CC4A9E00149810 /* Preview Content */ = {
			isa = PBXGroup;
			children = (
				5F87189C28CC4A9E00149810 /* Preview Assets.xcassets */,
			);
			path = "Preview Content";
			sourceTree = "<group>";
		};
		5F8718A528CC4A9F00149810 /* AstronomyAppTests */ = {
			isa = PBXGroup;
			children = (
				5F8718A628CC4A9F00149810 /* AstronomyAppTests.swift */,
			);
			path = AstronomyAppTests;
			sourceTree = "<group>";
		};
		5F8718AF28CC4A9F00149810 /* AstronomyAppUITests */ = {
			isa = PBXGroup;
			children = (
				5F8718B028CC4A9F00149810 /* AstronomyAppUITests.swift */,
				5F8718B228CC4A9F00149810 /* AstronomyAppUITestsLaunchTests.swift */,
			);
			path = AstronomyAppUITests;
			sourceTree = "<group>";
		};
/* End PBXGroup section */

/* Begin PBXNativeTarget section */
		5F87189128CC4A9300149810 /* AstronomyApp */ = {
			isa = PBXNativeTarget;
			buildConfigurationList = 5F8718B628CC4A9F00149810 /* Build configuration list for PBXNativeTarget "AstronomyApp" */;
			buildPhases = (
				5F87188E28CC4A9300149810 /* Sources */,
				5F87188F28CC4A9300149810 /* Frameworks */,
				5F87189028CC4A9300149810 /* Resources */,
			);
			buildRules = (
			);
			dependencies = (
			);
			name = AstronomyApp;
			productName = AstronomyApp;
			productReference = 5F87189228CC4A9300149810 /* AstronomyApp.app */;
			productType = "com.apple.product-type.application";
		};
		5F8718A128CC4A9F00149810 /* AstronomyAppTests */ = {
			isa = PBXNativeTarget;
			buildConfigurationList = 5F8718B928CC4A9F00149810 /* Build configuration list for PBXNativeTarget "AstronomyAppTests" */;
			buildPhases = (
				5F87189E28CC4A9F00149810 /* Sources */,
				5F87189F28CC4A9F00149810 /* Frameworks */,
				5F8718A028CC4A9F00149810 /* Resources */,
			);
			buildRules = (
			);
			dependencies = (
				5F8718A428CC4A9F00149810 /* PBXTargetDependency */,
			);
			name = AstronomyAppTests;
			productName = AstronomyAppTests;
			productReference = 5F8718A228CC4A9F00149810 /* AstronomyAppTests.xctest */;
			productType = "com.apple.product-type.bundle.unit-test";
		};
		5F8718AB28CC4A9F00149810 /* AstronomyAppUITests */ = {
			isa = PBXNativeTarget;
			buildConfigurationList = 5F8718BC28CC4A9F00149810 /* Build configuration list for PBXNativeTarget "AstronomyAppUITests" */;
			buildPhases = (
				5F8718A828CC4A9F00149810 /* Sources */,
				5F8718A928CC4A9F00149810 /* Frameworks */,
				5F8718AA28CC4A9F00149810 /* Resources */,
			);
			buildRules = (
			);
			dependencies = (
				5F8718AE28CC4A9F00149810 /* PBXTargetDependency */,
			);
			name = AstronomyAppUITests;
			productName = AstronomyAppUITests;
			productReference = 5F8718AC28CC4A9F00149810 /* AstronomyAppUITests.xctest */;
			productType = "com.apple.product-type.bundle.ui-testing";
		};
/* End PBXNativeTarget section */

/* Begin PBXProject section */
		5F87188A28CC4A9200149810 /* Project object */ = {
			isa = PBXProject;
			attributes = {
				BuildIndependentTargetsInParallel = 1;
				LastSwiftUpdateCheck = 1330;
				LastUpgradeCheck = 1330;
				TargetAttributes = {
					5F87189128CC4A9300149810 = {
						CreatedOnToolsVersion = 13.3;
					};
					5F8718A128CC4A9F00149810 = {
						CreatedOnToolsVersion = 13.3;
						TestTargetID = 5F87189128CC4A9300149810;
					};
					5F8718AB28CC4A9F00149810 = {
						CreatedOnToolsVersion = 13.3;
						TestTargetID = 5F87189128CC4A9300149810;
					};
				};
			};
			buildConfigurationList = 5F87188D28CC4A9200149810 /* Build configuration list for PBXProject "AstronomyApp" */;
			compatibilityVersion = "Xcode 13.0";
			developmentRegion = en;
			hasScannedForEncodings = 0;
			knownRegions = (
				en,
				Base,
			);
			mainGroup = 5F87188928CC4A9200149810;
			productRefGroup = 5F87189328CC4A9300149810 /* Products */;
			projectDirPath = "";
			projectRoot = "";
			targets = (
				5F87189128CC4A9300149810 /* AstronomyApp */,
				5F8718A128CC4A9F00149810 /* AstronomyAppTests */,
				5F8718AB28CC4A9F00149810 /* AstronomyAppUITests */,
			);
		};
/* End PBXProject section */

/* Begin PBXResourcesBuildPhase section */
		5F87189028CC4A9300149810 /* Resources */ = {
			isa = PBXResourcesBuildPhase;
			buildActionMask = 2147483647;
			files = (
				5F87189D28CC4A9E00149810 /* Preview Assets.xcassets in Resources */,
				5F87189A28CC4A9E00149810 /* Assets.xcassets in Resources */,
			);
			runOnlyForDeploymentPostprocessing = 0;
		};
		5F8718A028CC4A9F00149810 /* Resources */ = {
			isa = PBXResourcesBuildPhase;
			buildActionMask = 2147483647;
			files = (
			);
			runOnlyForDeploymentPostprocessing = 0;
		};
		5F8718AA28CC4A9F00149810 /* Resources */ = {
			isa = PBXResourcesBuildPhase;
			buildActionMask = 2147483647;
			files = (
			);
			runOnlyForDeploymentPostprocessing = 0;
		};
/* End PBXResourcesBuildPhase section */

/* Begin PBXSourcesBuildPhase section */
		5F87188E28CC4A9300149810 /* Sources */ = {
			isa = PBXSourcesBuildPhase;
			buildActionMask = 2147483647;
			files = (
				5F87189828CC4A9300149810 /* ContentView.swift in Sources */,
				5F87189628CC4A9300149810 /* AstronomyAppApp.swift in Sources */,
			);
			runOnlyForDeploymentPostprocessing = 0;
		};
		5F87189E28CC4A9F00149810 /* Sources */ = {
			isa = PBXSourcesBuildPhase;
			buildActionMask = 2147483647;
			files = (
				5F8718A728CC4A9F00149810 /* AstronomyAppTests.swift in Sources */,
			);
			runOnlyForDeploymentPostprocessing = 0;
		};
		5F8718A828CC4A9F00149810 /* Sources */ = {
			isa = PBXSourcesBuildPhase;
			buildActionMask = 2147483647;
			files = (
				5F8718B128CC4A9F00149810 /* AstronomyAppUITests.swift in Sources */,
				5F8718B328CC4A9F00149810 /* AstronomyAppUITestsLaunchTests.swift in Sources */,
			);
			runOnlyForDeploymentPostprocessing = 0;
		};
/* End PBXSourcesBuildPhase section */

/* Begin PBXTargetDependency section */
		5F8718A428CC4A9F00149810 /* PBXTargetDependency */ = {
			isa = PBXTargetDependency;
			target = 5F87189128CC4A9300149810 /* AstronomyApp */;
			targetProxy = 5F8718A328CC4A9F00149810 /* PBXContainerItemProxy */;
		};
		5F8718AE28CC4A9F00149810 /* PBXTargetDependency */ = {
			isa = PBXTargetDependency;
			target = 5F87189128CC4A9300149810 /* AstronomyApp */;
			targetProxy = 5F8718AD28CC4A9F00149810 /* PBXContainerItemProxy */;
		};
/* End PBXTargetDependency section */

/* Begin XCBuildConfiguration section */
		5F8718B428CC4A9F00149810 /* Debug */ = {
			isa = XCBuildConfiguration;
			buildSettings = {
				ALWAYS_SEARCH_USER_PATHS = NO;
				CLANG_ANALYZER_NONNULL = YES;
				CLANG_ANALYZER_NUMBER_OBJECT_CONVERSION = YES_AGGRESSIVE;
				CLANG_CXX_LANGUAGE_STANDARD = "gnu++17";
				CLANG_ENABLE_MODULES = YES;
				CLANG_ENABLE_OBJC_ARC = YES;
				CLANG_ENABLE_OBJC_WEAK = YES;
				CLANG_WARN_BLOCK_CAPTURE_AUTORELEASING = YES;
				CLANG_WARN_BOOL_CONVERSION = YES;
				CLANG_WARN_COMMA = YES;
				CLANG_WARN_CONSTANT_CONVERSION = YES;
				CLANG_WARN_DEPRECATED_OBJC_IMPLEMENTATIONS = YES;
				CLANG_WARN_DIRECT_OBJC_ISA_USAGE = YES_ERROR;
				CLANG_WARN_DOCUMENTATION_COMMENTS = YES;
				CLANG_WARN_EMPTY_BODY = YES;
				CLANG_WARN_ENUM_CONVERSION = YES;
				CLANG_WARN_INFINITE_RECURSION = YES;
				CLANG_WARN_INT_CONVERSION = YES;
				CLANG_WARN_NON_LITERAL_NULL_CONVERSION = YES;
				CLANG_WARN_OBJC_IMPLICIT_RETAIN_SELF = YES;
				CLANG_WARN_OBJC_LITERAL_CONVERSION = YES;
				CLANG_WARN_OBJC_ROOT_CLASS = YES_ERROR;
				CLANG_WARN_QUOTED_INCLUDE_IN_FRAMEWORK_HEADER = YES;
				CLANG_WARN_RANGE_LOOP_ANALYSIS = YES;
				CLANG_WARN_STRICT_PROTOTYPES = YES;
				CLANG_WARN_SUSPICIOUS_MOVE = YES;
				CLANG_WARN_UNGUARDED_AVAILABILITY = YES_AGGRESSIVE;
				CLANG_WARN_UNREACHABLE_CODE = YES;
				CLANG_WARN__DUPLICATE_METHOD_MATCH = YES;
				COPY_PHASE_STRIP = NO;
				DEBUG_INFORMATION_FORMAT = dwarf;
				ENABLE_STRICT_OBJC_MSGSEND = YES;
				ENABLE_TESTABILITY = YES;
				GCC_C_LANGUAGE_STANDARD = gnu11;
				GCC_DYNAMIC_NO_PIC = NO;
				GCC_NO_COMMON_BLOCKS = YES;
				GCC_OPTIMIZATION_LEVEL = 0;
				GCC_PREPROCESSOR_DEFINITIONS = (
					"DEBUG=1",
					"$(inherited)",
				);
				GCC_WARN_64_TO_32_BIT_CONVERSION = YES;
				GCC_WARN_ABOUT_RETURN_TYPE = YES_ERROR;
				GCC_WARN_UNDECLARED_SELECTOR = YES;
				GCC_WARN_UNINITIALIZED_AUTOS = YES_AGGRESSIVE;
				GCC_WARN_UNUSED_FUNCTION = YES;
				GCC_WARN_UNUSED_VARIABLE = YES;
				IPHONEOS_DEPLOYMENT_TARGET = 15.4;
				MTL_ENABLE_DEBUG_INFO = INCLUDE_SOURCE;
				MTL_FAST_MATH = YES;
				ONLY_ACTIVE_ARCH = YES;
				SDKROOT = iphoneos;
				SWIFT_ACTIVE_COMPILATION_CONDITIONS = DEBUG;
				SWIFT_OPTIMIZATION_LEVEL = "-Onone";
			};
			name = Debug;
		};
		5F8718B528CC4A9F00149810 /* Release */ = {
			isa = XCBuildConfiguration;
			buildSettings = {
				ALWAYS_SEARCH_USER_PATHS = NO;
				CLANG_ANALYZER_NONNULL = YES;
				CLANG_ANALYZER_NUMBER_OBJECT_CONVERSION = YES_AGGRESSIVE;
				CLANG_CXX_LANGUAGE_STANDARD = "gnu++17";
				CLANG_ENABLE_MODULES = YES;
				CLANG_ENABLE_OBJC_ARC = YES;
				CLANG_ENABLE_OBJC_WEAK = YES;
				CLANG_WARN_BLOCK_CAPTURE_AUTORELEASING = YES;
				CLANG_WARN_BOOL_CONVERSION = YES;
				CLANG_WARN_COMMA = YES;
				CLANG_WARN_CONSTANT_CONVERSION = YES;
				CLANG_WARN_DEPRECATED_OBJC_IMPLEMENTATIONS = YES;
				CLANG_WARN_DIRECT_OBJC_ISA_USAGE = YES_ERROR;
				CLANG_WARN_DOCUMENTATION_COMMENTS = YES;
				CLANG_WARN_EMPTY_BODY = YES;
				CLANG_WARN_ENUM_CONVERSION = YES;
				CLANG_WARN_INFINITE_RECURSION = YES;
				CLANG_WARN_INT_CONVERSION = YES;
				CLANG_WARN_NON_LITERAL_NULL_CONVERSION = YES;
				CLANG_WARN_OBJC_IMPLICIT_RETAIN_SELF = YES;
				CLANG_WARN_OBJC_LITERAL_CONVERSION = YES;
				CLANG_WARN_OBJC_ROOT_CLASS = YES_ERROR;
				CLANG_WARN_QUOTED_INCLUDE_IN_FRAMEWORK_HEADER = YES;
				CLANG_WARN_RANGE_LOOP_ANALYSIS = YES;
				CLANG_WARN_STRICT_PROTOTYPES = YES;
				CLANG_WARN_SUSPICIOUS_MOVE = YES;
				CLANG_WARN_UNGUARDED_AVAILABILITY = YES_AGGRESSIVE;
				CLANG_WARN_UNREACHABLE_CODE = YES;
				CLANG_WARN__DUPLICATE_METHOD_MATCH = YES;
				COPY_PHASE_STRIP = NO;
				DEBUG_INFORMATION_FORMAT = "dwarf-with-dsym";
				ENABLE_NS_ASSERTIONS = NO;
				ENABLE_STRICT_OBJC_MSGSEND = YES;
				GCC_C_LANGUAGE_STANDARD = gnu11;
				GCC_NO_COMMON_BLOCKS = YES;
				GCC_WARN_64_TO_32_BIT_CONVERSION = YES;
				GCC_WARN_ABOUT_RETURN_TYPE = YES_ERROR;
				GCC_WARN_UNDECLARED_SELECTOR = YES;
				GCC_WARN_UNINITIALIZED_AUTOS = YES_AGGRESSIVE;
				GCC_WARN_UNUSED_FUNCTION = YES;
				GCC_WARN_UNUSED_VARIABLE = YES;
				IPHONEOS_DEPLOYMENT_TARGET = 15.4;
				MTL_ENABLE_DEBUG_INFO = NO;
				MTL_FAST_MATH = YES;
				SDKROOT = iphoneos;
				SWIFT_COMPILATION_MODE = wholemodule;
				SWIFT_OPTIMIZATION_LEVEL = "-O";
				VALIDATE_PRODUCT = YES;
			};
			name = Release;
		};
		5F8718B728CC4A9F00149810 /* Debug */ = {
			isa = XCBuildConfiguration;
			buildSettings = {
				ASSETCATALOG_COMPILER_APPICON_NAME = AppIcon;
				ASSETCATALOG_COMPILER_GLOBAL_ACCENT_COLOR_NAME = AccentColor;
				CODE_SIGN_STYLE = Automatic;
				CURRENT_PROJECT_VERSION = 1;
				DEVELOPMENT_ASSET_PATHS = "\"AstronomyApp/Preview Content\"";
				ENABLE_PREVIEWS = YES;
				GENERATE_INFOPLIST_FILE = YES;
				INFOPLIST_KEY_UIApplicationSceneManifest_Generation = YES;
				INFOPLIST_KEY_UIApplicationSupportsIndirectInputEvents = YES;
				INFOPLIST_KEY_UILaunchScreen_Generation = YES;
				INFOPLIST_KEY_UISupportedInterfaceOrientations_iPad = "UIInterfaceOrientationPortrait UIInterfaceOrientationPortraitUpsideDown UIInterfaceOrientationLandscapeLeft UIInterfaceOrientationLandscapeRight";
				INFOPLIST_KEY_UISupportedInterfaceOrientations_iPhone = "UIInterfaceOrientationPortrait UIInterfaceOrientationLandscapeLeft UIInterfaceOrientationLandscapeRight";
				LD_RUNPATH_SEARCH_PATHS = (
					"$(inherited)",
					"@executable_path/Frameworks",
				);
				MARKETING_VERSION = 1.0;
				PRODUCT_BUNDLE_IDENTIFIER = com.volutiontech.AstronomyApp.AstronomyApp;
				PRODUCT_NAME = "$(TARGET_NAME)";
				SWIFT_EMIT_LOC_STRINGS = YES;
				SWIFT_VERSION = 5.0;
				TARGETED_DEVICE_FAMILY = "1,2";
			};
			name = Debug;
		};
		5F8718B828CC4A9F00149810 /* Release */ = {
			isa = XCBuildConfiguration;
			buildSettings = {
				ASSETCATALOG_COMPILER_APPICON_NAME = AppIcon;
				ASSETCATALOG_COMPILER_GLOBAL_ACCENT_COLOR_NAME = AccentColor;
				CODE_SIGN_STYLE = Automatic;
				CURRENT_PROJECT_VERSION = 1;
				DEVELOPMENT_ASSET_PATHS = "\"AstronomyApp/Preview Content\"";
				ENABLE_PREVIEWS = YES;
				GENERATE_INFOPLIST_FILE = YES;
				INFOPLIST_KEY_UIApplicationSceneManifest_Generation = YES;
				INFOPLIST_KEY_UIApplicationSupportsIndirectInputEvents = YES;
				INFOPLIST_KEY_UILaunchScreen_Generation = YES;
				INFOPLIST_KEY_UISupportedInterfaceOrientations_iPad = "UIInterfaceOrientationPortrait UIInterfaceOrientationPortraitUpsideDown UIInterfaceOrientationLandscapeLeft UIInterfaceOrientationLandscapeRight";
				INFOPLIST_KEY_UISupportedInterfaceOrientations_iPhone = "UIInterfaceOrientationPortrait UIInterfaceOrientationLandscapeLeft UIInterfaceOrientationLandscapeRight";
				LD_RUNPATH_SEARCH_PATHS = (
					"$(inherited)",
					"@executable_path/Frameworks",
				);
				MARKETING_VERSION = 1.0;
				PRODUCT_BUNDLE_IDENTIFIER = com.volutiontech.AstronomyApp.AstronomyApp;
				PRODUCT_NAME = "$(TARGET_NAME)";
				SWIFT_EMIT_LOC_STRINGS = YES;
				SWIFT_VERSION = 5.0;
				TARGETED_DEVICE_FAMILY = "1,2";
			};
			name = Release;
		};
		5F8718BA28CC4A9F00149810 /* Debug */ = {
			isa = XCBuildConfiguration;
			buildSettings = {
				ALWAYS_EMBED_SWIFT_STANDARD_LIBRARIES = YES;
				BUNDLE_LOADER = "$(TEST_HOST)";
				CODE_SIGN_STYLE = Automatic;
				CURRENT_PROJECT_VERSION = 1;
				GENERATE_INFOPLIST_FILE = YES;
				IPHONEOS_DEPLOYMENT_TARGET = 15.4;
				MARKETING_VERSION = 1.0;
				PRODUCT_BUNDLE_IDENTIFIER = com.volutiontech.AstronomyApp.AstronomyAppTests;
				PRODUCT_NAME = "$(TARGET_NAME)";
				SWIFT_EMIT_LOC_STRINGS = NO;
				SWIFT_VERSION = 5.0;
				TARGETED_DEVICE_FAMILY = "1,2";
				TEST_HOST = "$(BUILT_PRODUCTS_DIR)/AstronomyApp.app/AstronomyApp";
			};
			name = Debug;
		};
		5F8718BB28CC4A9F00149810 /* Release */ = {
			isa = XCBuildConfiguration;
			buildSettings = {
				ALWAYS_EMBED_SWIFT_STANDARD_LIBRARIES = YES;
				BUNDLE_LOADER = "$(TEST_HOST)";
				CODE_SIGN_STYLE = Automatic;
				CURRENT_PROJECT_VERSION = 1;
				GENERATE_INFOPLIST_FILE = YES;
				IPHONEOS_DEPLOYMENT_TARGET = 15.4;
				MARKETING_VERSION = 1.0;
				PRODUCT_BUNDLE_IDENTIFIER = com.volutiontech.AstronomyApp.AstronomyAppTests;
				PRODUCT_NAME = "$(TARGET_NAME)";
				SWIFT_EMIT_LOC_STRINGS = NO;
				SWIFT_VERSION = 5.0;
				TARGETED_DEVICE_FAMILY = "1,2";
				TEST_HOST = "$(BUILT_PRODUCTS_DIR)/AstronomyApp.app/AstronomyApp";
			};
			name = Release;
		};
		5F8718BD28CC4A9F00149810 /* Debug */ = {
			isa = XCBuildConfiguration;
			buildSettings = {
				ALWAYS_EMBED_SWIFT_STANDARD_LIBRARIES = YES;
				CODE_SIGN_STYLE = Automatic;
				CURRENT_PROJECT_VERSION = 1;
				GENERATE_INFOPLIST_FILE = YES;
				MARKETING_VERSION = 1.0;
				PRODUCT_BUNDLE_IDENTIFIER = com.volutiontech.AstronomyApp.AstronomyAppUITests;
				PRODUCT_NAME = "$(TARGET_NAME)";
				SWIFT_EMIT_LOC_STRINGS = NO;
				SWIFT_VERSION = 5.0;
				TARGETED_DEVICE_FAMILY = "1,2";
				TEST_TARGET_NAME = AstronomyApp;
			};
			name = Debug;
		};
		5F8718BE28CC4A9F00149810 /* Release */ = {
			isa = XCBuildConfiguration;
			buildSettings = {
				ALWAYS_EMBED_SWIFT_STANDARD_LIBRARIES = YES;
				CODE_SIGN_STYLE = Automatic;
				CURRENT_PROJECT_VERSION = 1;
				GENERATE_INFOPLIST_FILE = YES;
				MARKETING_VERSION = 1.0;
				PRODUCT_BUNDLE_IDENTIFIER = com.volutiontech.AstronomyApp.AstronomyAppUITests;
				PRODUCT_NAME = "$(TARGET_NAME)";
				SWIFT_EMIT_LOC_STRINGS = NO;
				SWIFT_VERSION = 5.0;
				TARGETED_DEVICE_FAMILY = "1,2";
				TEST_TARGET_NAME = AstronomyApp;
			};
			name = Release;
		};
/* End XCBuildConfiguration section */

/* Begin XCConfigurationList section */
		5F87188D28CC4A9200149810 /* Build configuration list for PBXProject "AstronomyApp" */ = {
			isa = XCConfigurationList;
			buildConfigurations = (
				5F8718B428CC4A9F00149810 /* Debug */,
				5F8718B528CC4A9F00149810 /* Release */,
			);
			defaultConfigurationIsVisible = 0;
			defaultConfigurationName = Release;
		};
		5F8718B628CC4A9F00149810 /* Build configuration list for PBXNativeTarget "AstronomyApp" */ = {
			isa = XCConfigurationList;
			buildConfigurations = (
				5F8718B728CC4A9F00149810 /* Debug */,
				5F8718B828CC4A9F00149810 /* Release */,
			);
			defaultConfigurationIsVisible = 0;
			defaultConfigurationName = Release;
		};
		5F8718B928CC4A9F00149810 /* Build configuration list for PBXNativeTarget "AstronomyAppTests" */ = {
			isa = XCConfigurationList;
			buildConfigurations = (
				5F8718BA28CC4A9F00149810 /* Debug */,
				5F8718BB28CC4A9F00149810 /* Release */,
			);
			defaultConfigurationIsVisible = 0;
			defaultConfigurationName = Release;
		};
		5F8718BC28CC4A9F00149810 /* Build configuration list for PBXNativeTarget "AstronomyAppUITests" */ = {
			isa = XCConfigurationList;
			buildConfigurations = (
				5F8718BD28CC4A9F00149810 /* Debug */,
				5F8718BE28CC4A9F00149810 /* Release */,
			);
			defaultConfigurationIsVisible = 0;
			defaultConfigurationName = Release;
		};
/* End XCConfigurationList section */
	};
	rootObject = 5F87188A28CC4A9200149810 /* Project object */;
}
